
Microsoft Visual Studio Solution File, Format Version 12.00
# Visual Studio 2012
Project("{FAE04EC0-301F-11D3-BF4B-00C04F79EFBC}") = "Reviewer.iOS", "iOS\Reviewer.iOS.csproj", "{E70165FE-A56B-46B6-88D4-DC738F56E524}"
EndProject
Project("{FAE04EC0-301F-11D3-BF4B-00C04F79EFBC}") = "Reviewer.Droid", "Droid\Reviewer.Droid.csproj", "{C17CF1B4-3A66-4F31-85B2-122EC9828A13}"
EndProject
Project("{FAE04EC0-301F-11D3-BF4B-00C04F79EFBC}") = "Reviewer.Core", "Reviewer.Core\Reviewer.Core.csproj", "{6A53F432-C6E2-47C7-BB82-7980AD41F49B}"
EndProject
Project("{FAE04EC0-301F-11D3-BF4B-00C04F79EFBC}") = "Reviewer.Services", "Reviewer.Services\Reviewer.Services.csproj", "{5435D4CE-35DE-4465-948A-37D456E12530}"
EndProject
Project("{FAE04EC0-301F-11D3-BF4B-00C04F79EFBC}") = "Reviewer.SharedModels", "Reviewer.SharedModels\Reviewer.SharedModels.csproj", "{5E3A5DAA-BB41-48D4-80A0-A1F394176E38}"
EndProject
Global
	GlobalSection(SolutionConfigurationPlatforms) = preSolution
		Debug|Any CPU = Debug|Any CPU
		Release|Any CPU = Release|Any CPU
		Debug|iPhoneSimulator = Debug|iPhoneSimulator
		Release|iPhone = Release|iPhone
		Release|iPhoneSimulator = Release|iPhoneSimulator
		Debug|iPhone = Debug|iPhone
	EndGlobalSection
	GlobalSection(ProjectConfigurationPlatforms) = postSolution
		{E70165FE-A56B-46B6-88D4-DC738F56E524}.Debug|Any CPU.ActiveCfg = Debug|iPhoneSimulator
		{E70165FE-A56B-46B6-88D4-DC738F56E524}.Debug|Any CPU.Build.0 = Debug|iPhoneSimulator
		{E70165FE-A56B-46B6-88D4-DC738F56E524}.Release|Any CPU.ActiveCfg = Release|iPhone
		{E70165FE-A56B-46B6-88D4-DC738F56E524}.Release|Any CPU.Build.0 = Release|iPhone
		{E70165FE-A56B-46B6-88D4-DC738F56E524}.Debug|iPhoneSimulator.ActiveCfg = Debug|iPhoneSimulator
		{E70165FE-A56B-46B6-88D4-DC738F56E524}.Debug|iPhoneSimulator.Build.0 = Debug|iPhoneSimulator
		{E70165FE-A56B-46B6-88D4-DC738F56E524}.Release|iPhone.ActiveCfg = Release|iPhone
		{E70165FE-A56B-46B6-88D4-DC738F56E524}.Release|iPhone.Build.0 = Release|iPhone
		{E70165FE-A56B-46B6-88D4-DC738F56E524}.Release|iPhoneSimulator.ActiveCfg = Release|iPhoneSimulator
		{E70165FE-A56B-46B6-88D4-DC738F56E524}.Release|iPhoneSimulator.Build.0 = Release|iPhoneSimulator
		{E70165FE-A56B-46B6-88D4-DC738F56E524}.Debug|iPhone.ActiveCfg = Debug|iPhone
		{E70165FE-A56B-46B6-88D4-DC738F56E524}.Debug|iPhone.Build.0 = Debug|iPhone
		{C17CF1B4-3A66-4F31-85B2-122EC9828A13}.Debug|Any CPU.ActiveCfg = Debug|Any CPU
		{C17CF1B4-3A66-4F31-85B2-122EC9828A13}.Debug|Any CPU.Build.0 = Debug|Any CPU
		{C17CF1B4-3A66-4F31-85B2-122EC9828A13}.Release|Any CPU.ActiveCfg = Release|Any CPU
		{C17CF1B4-3A66-4F31-85B2-122EC9828A13}.Release|Any CPU.Build.0 = Release|Any CPU
		{C17CF1B4-3A66-4F31-85B2-122EC9828A13}.Debug|iPhoneSimulator.ActiveCfg = Debug|Any CPU
		{C17CF1B4-3A66-4F31-85B2-122EC9828A13}.Debug|iPhoneSimulator.Build.0 = Debug|Any CPU
		{C17CF1B4-3A66-4F31-85B2-122EC9828A13}.Release|iPhone.ActiveCfg = Release|Any CPU
		{C17CF1B4-3A66-4F31-85B2-122EC9828A13}.Release|iPhone.Build.0 = Release|Any CPU
		{C17CF1B4-3A66-4F31-85B2-122EC9828A13}.Release|iPhoneSimulator.ActiveCfg = Release|Any CPU
		{C17CF1B4-3A66-4F31-85B2-122EC9828A13}.Release|iPhoneSimulator.Build.0 = Release|Any CPU
		{C17CF1B4-3A66-4F31-85B2-122EC9828A13}.Debug|iPhone.ActiveCfg = Debug|Any CPU
		{C17CF1B4-3A66-4F31-85B2-122EC9828A13}.Debug|iPhone.Build.0 = Debug|Any CPU
		{6A53F432-C6E2-47C7-BB82-7980AD41F49B}.Debug|Any CPU.ActiveCfg = Debug|Any CPU
		{6A53F432-C6E2-47C7-BB82-7980AD41F49B}.Debug|Any CPU.Build.0 = Debug|Any CPU
		{6A53F432-C6E2-47C7-BB82-7980AD41F49B}.Release|Any CPU.ActiveCfg = Release|Any CPU
		{6A53F432-C6E2-47C7-BB82-7980AD41F49B}.Release|Any CPU.Build.0 = Release|Any CPU
		{6A53F432-C6E2-47C7-BB82-7980AD41F49B}.Debug|iPhoneSimulator.ActiveCfg = Debug|Any CPU
		{6A53F432-C6E2-47C7-BB82-7980AD41F49B}.Debug|iPhoneSimulator.Build.0 = Debug|Any CPU
		{6A53F432-C6E2-47C7-BB82-7980AD41F49B}.Release|iPhone.ActiveCfg = Release|Any CPU
		{6A53F432-C6E2-47C7-BB82-7980AD41F49B}.Release|iPhone.Build.0 = Release|Any CPU
		{6A53F432-C6E2-47C7-BB82-7980AD41F49B}.Release|iPhoneSimulator.ActiveCfg = Release|Any CPU
		{6A53F432-C6E2-47C7-BB82-7980AD41F49B}.Release|iPhoneSimulator.Build.0 = Release|Any CPU
		{6A53F432-C6E2-47C7-BB82-7980AD41F49B}.Debug|iPhone.ActiveCfg = Debug|Any CPU
		{6A53F432-C6E2-47C7-BB82-7980AD41F49B}.Debug|iPhone.Build.0 = Debug|Any CPU
		{5435D4CE-35DE-4465-948A-37D456E12530}.Debug|Any CPU.ActiveCfg = Debug|Any CPU
		{5435D4CE-35DE-4465-948A-37D456E12530}.Debug|Any CPU.Build.0 = Debug|Any CPU
		{5435D4CE-35DE-4465-948A-37D456E12530}.Release|Any CPU.ActiveCfg = Release|Any CPU
		{5435D4CE-35DE-4465-948A-37D456E12530}.Release|Any CPU.Build.0 = Release|Any CPU
		{5435D4CE-35DE-4465-948A-37D456E12530}.Debug|iPhoneSimulator.ActiveCfg = Debug|Any CPU
		{5435D4CE-35DE-4465-948A-37D456E12530}.Debug|iPhoneSimulator.Build.0 = Debug|Any CPU
		{5435D4CE-35DE-4465-948A-37D456E12530}.Release|iPhone.ActiveCfg = Release|Any CPU
		{5435D4CE-35DE-4465-948A-37D456E12530}.Release|iPhone.Build.0 = Release|Any CPU
		{5435D4CE-35DE-4465-948A-37D456E12530}.Release|iPhoneSimulator.ActiveCfg = Release|Any CPU
		{5435D4CE-35DE-4465-948A-37D456E12530}.Release|iPhoneSimulator.Build.0 = Release|Any CPU
		{5435D4CE-35DE-4465-948A-37D456E12530}.Debug|iPhone.ActiveCfg = Debug|Any CPU
		{5435D4CE-35DE-4465-948A-37D456E12530}.Debug|iPhone.Build.0 = Debug|Any CPU
		{5E3A5DAA-BB41-48D4-80A0-A1F394176E38}.Debug|Any CPU.ActiveCfg = Debug|Any CPU
		{5E3A5DAA-BB41-48D4-80A0-A1F394176E38}.Debug|Any CPU.Build.0 = Debug|Any CPU
		{5E3A5DAA-BB41-48D4-80A0-A1F394176E38}.Release|Any CPU.ActiveCfg = Release|Any CPU
		{5E3A5DAA-BB41-48D4-80A0-A1F394176E38}.Release|Any CPU.Build.0 = Release|Any CPU
		{5E3A5DAA-BB41-48D4-80A0-A1F394176E38}.Debug|iPhoneSimulator.ActiveCfg = Debug|Any CPU
		{5E3A5DAA-BB41-48D4-80A0-A1F394176E38}.Debug|iPhoneSimulator.Build.0 = Debug|Any CPU
		{5E3A5DAA-BB41-48D4-80A0-A1F394176E38}.Release|iPhone.ActiveCfg = Release|Any CPU
		{5E3A5DAA-BB41-48D4-80A0-A1F394176E38}.Release|iPhone.Build.0 = Release|Any CPU
		{5E3A5DAA-BB41-48D4-80A0-A1F394176E38}.Release|iPhoneSimulator.ActiveCfg = Release|Any CPU
		{5E3A5DAA-BB41-48D4-80A0-A1F394176E38}.Release|iPhoneSimulator.Build.0 = Release|Any CPU
		{5E3A5DAA-BB41-48D4-80A0-A1F394176E38}.Debug|iPhone.ActiveCfg = Debug|Any CPU
		{5E3A5DAA-BB41-48D4-80A0-A1F394176E38}.Debug|iPhone.Build.0 = Debug|Any CPU
	EndGlobalSection
EndGlobal
